# This file is autogenerated, do not edit; changes may be undone by the next 'dep ensure'.


[[projects]]
  branch = "master"
  name = "github.com/jeromer/syslogparser"
  packages = [".","rfc3164","rfc5424"]
  revision = "0e4ae46ea3f08de351074b643d649d5d00661a3c"

[[projects]]
  branch = "master"
  name = "github.com/lollipopman/syslogd"
  packages = ["."]
  revision = "67fd309c92ed5f248fde34bcd466012982bdf289"

[solve-meta]
  analyzer-name = "dep"
  analyzer-version = 1
  inputs-digest = "784b3b3d362ee051aac8e116e3c66f4307c9d2b721bf8910d5b034edfccccbb3"
  solver-name = "gps-cdcl"
  solver-version = 1
